<?xml version="1.0" encoding="UTF-8"?>
<Scheme
   version = "1.3">
   <BuildAction>
      <BuildActionEntries>
         <BuildActionEntry
            buildForRunning = "YES">
            <BuildableReference
               BuildableIdentifier = "primary"
               BlueprintIdentifier = "F9D5DC1D34E46AB6989966AA"
               BuildableName = "selfChat_569194.app"
               BlueprintName = "selfChat_569194"
               ReferencedContainer = "container:selfChat_569194.xcodeproj">
            </BuildableReference>
         </BuildActionEntry>
      </BuildActionEntries>
   </BuildAction>
   <LaunchAction
      useCustomWorkingDirectory = "NO"
      buildConfiguration = "Debug"
      allowLocationSimulation = "YES">
      <BuildableProductRunnable>
         <BuildableReference
            BuildableIdentifier = "primary"
            BlueprintIdentifier = "F9D5DC1D34E46AB6989966AA"
            BuildableName = "selfChat_569194.app"
            BlueprintName = "selfChat_569194"
            ReferencedContainer = "container:selfChat_569194.xcodeproj">
         </BuildableReference>
      </BuildableProductRunnable>
   </LaunchAction>
</Scheme>
