<?xml version="1.0" encoding="UTF-8"?>
<Scheme
   version = "1.3">
   <BuildAction>
      <BuildActionEntries>
         <BuildActionEntry
            buildForTesting = "YES">
            <BuildableReference
               BuildableIdentifier = "primary"
               BlueprintIdentifier = "F9D5DAFCC2DC980C85E1C510"
               BuildableName = "selfChat_569194Tests.xctest"
               BlueprintName = "selfChat_569194Tests"
               ReferencedContainer = "container:selfChat_569194.xcodeproj">
            </BuildableReference>
         </BuildActionEntry>
      </BuildActionEntries>
   </BuildAction>
   <TestAction
      buildConfiguration = "Debug">
      <Testables>
         <TestableReference>
            <BuildableReference
               BuildableIdentifier = "primary"
               BlueprintIdentifier = "F9D5DAFCC2DC980C85E1C510"
               BuildableName = "selfChat_569194Tests.xctest"
               BlueprintName = "selfChat_569194Tests"
               ReferencedContainer = "container:selfChat_569194.xcodeproj">
            </BuildableReference>
         </TestableReference>
      </Testables>
   </TestAction>
   <LaunchAction
      useCustomWorkingDirectory = "NO"
      allowLocationSimulation = "YES">
   </LaunchAction>
</Scheme>
