// !$*UTF8*$!
{
	archiveVersion = 1;
	classes = {
	};
	objectVersion = 46;
	objects = {

/* Begin PBXBuildFile section */
		0F4E70C927B1EC8300AB0B2B /* TextInputView.swift in Sources */ = {isa = PBXBuildFile; fileRef = 0F4E70C827B1EC8300AB0B2B /* TextInputView.swift */; };
		0F4E70CB27B1ED6400AB0B2B /* NewMessageField.swift in Sources */ = {isa = PBXBuildFile; fileRef = 0F4E70CA27B1ED6400AB0B2B /* NewMessageField.swift */; };
		0F4E70CD27B1EDD200AB0B2B /* SenderSettings.swift in Sources */ = {isa = PBXBuildFile; fileRef = 0F4E70CC27B1EDD200AB0B2B /* SenderSettings.swift */; };
		0FAC2E0F27A9914700367AA0 /* ContentView.swift in Sources */ = {isa = PBXBuildFile; fileRef = 0FAC2E0E27A9914700367AA0 /* ContentView.swift */; };
		0FFB06E427B16FD100ECC7A9 /* Conversations.swift in Sources */ = {isa = PBXBuildFile; fileRef = 0FFB06E327B16FD100ECC7A9 /* Conversations.swift */; };
		0FFB06E627B1749300ECC7A9 /* ChatIcon.swift in Sources */ = {isa = PBXBuildFile; fileRef = 0FFB06E527B1749300ECC7A9 /* ChatIcon.swift */; };
		0FFB06E827B1934900ECC7A9 /* TitleText.swift in Sources */ = {isa = PBXBuildFile; fileRef = 0FFB06E727B1934900ECC7A9 /* TitleText.swift */; };
		0FFB06EA27B193AA00ECC7A9 /* Conversation.swift in Sources */ = {isa = PBXBuildFile; fileRef = 0FFB06E927B193AA00ECC7A9 /* Conversation.swift */; };
		0FFB06EE27B1945300ECC7A9 /* MessageListing.swift in Sources */ = {isa = PBXBuildFile; fileRef = 0FFB06ED27B1945300ECC7A9 /* MessageListing.swift */; };
		0FFB06F027B1946400ECC7A9 /* NewTextButton.swift in Sources */ = {isa = PBXBuildFile; fileRef = 0FFB06EF27B1946400ECC7A9 /* NewTextButton.swift */; };
		0FFB06F227B199E800ECC7A9 /* MessageRepresentation.swift in Sources */ = {isa = PBXBuildFile; fileRef = 0FFB06F127B199E800ECC7A9 /* MessageRepresentation.swift */; };
		0FFC737527B2C3F70026E455 /* FileUtils.swift in Sources */ = {isa = PBXBuildFile; fileRef = 0FFC737427B2C3F70026E455 /* FileUtils.swift */; };
		0FFC737727B2C76F0026E455 /* FileURLComponents.swift in Sources */ = {isa = PBXBuildFile; fileRef = 0FFC737627B2C76F0026E455 /* FileURLComponents.swift */; };
		0FFC737C27B2C9120026E455 /* InstanceSaver.swift in Sources */ = {isa = PBXBuildFile; fileRef = 0FFC737B27B2C9120026E455 /* InstanceSaver.swift */; };
		0FFC737E27B2D3FC0026E455 /* ChatSortingAlgorithm.swift in Sources */ = {isa = PBXBuildFile; fileRef = 0FFC737D27B2D3FC0026E455 /* ChatSortingAlgorithm.swift */; };
		F9D5D0B8953FB83EA87FFEF3 /* AppInstance.swift in Sources */ = {isa = PBXBuildFile; fileRef = F9D5DD25CCC1324FC22C0A37 /* AppInstance.swift */; };
		F9D5D224AEE8952C2806A7E5 /* ChatErrors.swift in Sources */ = {isa = PBXBuildFile; fileRef = F9D5DE7DD66890498405C28A /* ChatErrors.swift */; };
		F9D5D370BB13C0C1853AE3B5 /* Chat.swift in Sources */ = {isa = PBXBuildFile; fileRef = F9D5D4B02B51606F89A225C0 /* Chat.swift */; };
		F9D5D376177A9713FAF69C86 /* FileDeletable.swift in Sources */ = {isa = PBXBuildFile; fileRef = F9D5D6D88658B6C2C4B2C5E5 /* FileDeletable.swift */; };
		F9D5D42CECD60D475269D6AB /* Assets.xcassets in Resources */ = {isa = PBXBuildFile; fileRef = F9D5D2AC705F67BCEEEE9E71 /* Assets.xcassets */; };
		F9D5D430CBEEACA48587BBD9 /* selfChat_569194UITests.swift in Sources */ = {isa = PBXBuildFile; fileRef = F9D5D46B6EEE4607B927ED22 /* selfChat_569194UITests.swift */; };
		F9D5D559DFFE305C36892EEF /* ColorErrors.swift in Sources */ = {isa = PBXBuildFile; fileRef = F9D5D7067BB1F4754459A199 /* ColorErrors.swift */; };
		F9D5D55CB5795A01D8D6AC70 /* FileWriteable.swift in Sources */ = {isa = PBXBuildFile; fileRef = F9D5D2BA91D2358DF8FBFDDC /* FileWriteable.swift */; };
		F9D5D6C0A39EA547632E382B /* selfChat_569194UITestsLaunchTests.swift in Sources */ = {isa = PBXBuildFile; fileRef = F9D5DFA9614C0C1B22EE806B /* selfChat_569194UITestsLaunchTests.swift */; };
		F9D5D88A91C40B89151076A5 /* FileError.swift in Sources */ = {isa = PBXBuildFile; fileRef = F9D5DED7470CAA979A9A3E9F /* FileError.swift */; };
		F9D5DA4FCE72CB782C113D89 /* Functions.swift in Sources */ = {isa = PBXBuildFile; fileRef = F9D5D2D113B63B7F97DE586F /* Functions.swift */; };
		F9D5DA9416DB6A49F6D91668 /* selfChat_569194Tests.swift in Sources */ = {isa = PBXBuildFile; fileRef = F9D5D6AD33DE569866EB34A9 /* selfChat_569194Tests.swift */; };
		F9D5DAF6A9D4B29E83AE3F49 /* selfChat_569194App.swift in Sources */ = {isa = PBXBuildFile; fileRef = F9D5D1ABC5FBEDDF1EAC9085 /* selfChat_569194App.swift */; };
		F9D5DBAB5C227F349AB1F49C /* FileReadable.swift in Sources */ = {isa = PBXBuildFile; fileRef = F9D5D158462753B02C27550B /* FileReadable.swift */; };
		F9D5DC2439AA64E462D8E420 /* StartView.swift in Sources */ = {isa = PBXBuildFile; fileRef = F9D5D608DB439A363189CFC1 /* StartView.swift */; };
		F9D5DD1A170019268D44F51B /* Message.swift in Sources */ = {isa = PBXBuildFile; fileRef = F9D5D3ED612F4723FC8A9EF7 /* Message.swift */; };
		F9D5DEE867505EE3C0552FE7 /* User.swift in Sources */ = {isa = PBXBuildFile; fileRef = F9D5DCF6D37C356D77A15C08 /* User.swift */; };
		F9D5DF99FFDC33EE97ABD882 /* Preview Assets.xcassets in Resources */ = {isa = PBXBuildFile; fileRef = F9D5D93D4EC6D10E751DB042 /* Preview Assets.xcassets */; };
/* End PBXBuildFile section */

/* Begin PBXContainerItemProxy section */
		F9D5D1EE1BABBC0088C9B6A9 /* PBXContainerItemProxy */ = {
			isa = PBXContainerItemProxy;
			containerPortal = F9D5D484AA41D07CF6EF3E03 /* Project object */;
			proxyType = 1;
			remoteGlobalIDString = F9D5DC1D34E46AB6989966AA;
			remoteInfo = selfChat_569194;
		};
		F9D5DB2A18FDFA827892267D /* PBXContainerItemProxy */ = {
			isa = PBXContainerItemProxy;
			containerPortal = F9D5D484AA41D07CF6EF3E03 /* Project object */;
			proxyType = 1;
			remoteGlobalIDString = F9D5DC1D34E46AB6989966AA;
			remoteInfo = selfChat_569194;
		};
/* End PBXContainerItemProxy section */

/* Begin PBXFileReference section */
		0F4E70C827B1EC8300AB0B2B /* TextInputView.swift */ = {isa = PBXFileReference; lastKnownFileType = sourcecode.swift; path = TextInputView.swift; sourceTree = "<group>"; };
		0F4E70CA27B1ED6400AB0B2B /* NewMessageField.swift */ = {isa = PBXFileReference; lastKnownFileType = sourcecode.swift; path = NewMessageField.swift; sourceTree = "<group>"; };
		0F4E70CC27B1EDD200AB0B2B /* SenderSettings.swift */ = {isa = PBXFileReference; lastKnownFileType = sourcecode.swift; path = SenderSettings.swift; sourceTree = "<group>"; };
		0FAC2E0E27A9914700367AA0 /* ContentView.swift */ = {isa = PBXFileReference; lastKnownFileType = sourcecode.swift; path = ContentView.swift; sourceTree = "<group>"; };
		0FFB06E327B16FD100ECC7A9 /* Conversations.swift */ = {isa = PBXFileReference; lastKnownFileType = sourcecode.swift; path = Conversations.swift; sourceTree = "<group>"; };
		0FFB06E527B1749300ECC7A9 /* ChatIcon.swift */ = {isa = PBXFileReference; lastKnownFileType = sourcecode.swift; path = ChatIcon.swift; sourceTree = "<group>"; };
		0FFB06E727B1934900ECC7A9 /* TitleText.swift */ = {isa = PBXFileReference; lastKnownFileType = sourcecode.swift; path = TitleText.swift; sourceTree = "<group>"; };
		0FFB06E927B193AA00ECC7A9 /* Conversation.swift */ = {isa = PBXFileReference; lastKnownFileType = sourcecode.swift; path = Conversation.swift; sourceTree = "<group>"; };
		0FFB06ED27B1945300ECC7A9 /* MessageListing.swift */ = {isa = PBXFileReference; lastKnownFileType = sourcecode.swift; path = MessageListing.swift; sourceTree = "<group>"; };
		0FFB06EF27B1946400ECC7A9 /* NewTextButton.swift */ = {isa = PBXFileReference; lastKnownFileType = sourcecode.swift; path = NewTextButton.swift; sourceTree = "<group>"; };
		0FFB06F127B199E800ECC7A9 /* MessageRepresentation.swift */ = {isa = PBXFileReference; lastKnownFileType = sourcecode.swift; path = MessageRepresentation.swift; sourceTree = "<group>"; };
		0FFC737427B2C3F70026E455 /* FileUtils.swift */ = {isa = PBXFileReference; lastKnownFileType = sourcecode.swift; path = FileUtils.swift; sourceTree = "<group>"; };
		0FFC737627B2C76F0026E455 /* FileURLComponents.swift */ = {isa = PBXFileReference; lastKnownFileType = sourcecode.swift; path = FileURLComponents.swift; sourceTree = "<group>"; };
		0FFC737B27B2C9120026E455 /* InstanceSaver.swift */ = {isa = PBXFileReference; lastKnownFileType = sourcecode.swift; path = InstanceSaver.swift; sourceTree = "<group>"; };
		0FFC737D27B2D3FC0026E455 /* ChatSortingAlgorithm.swift */ = {isa = PBXFileReference; lastKnownFileType = sourcecode.swift; path = ChatSortingAlgorithm.swift; sourceTree = "<group>"; };
		F9D5D158462753B02C27550B /* FileReadable.swift */ = {isa = PBXFileReference; fileEncoding = 4; lastKnownFileType = sourcecode.swift; path = FileReadable.swift; sourceTree = "<group>"; };
		F9D5D1ABC5FBEDDF1EAC9085 /* selfChat_569194App.swift */ = {isa = PBXFileReference; lastKnownFileType = sourcecode.swift; path = selfChat_569194App.swift; sourceTree = "<group>"; };
		F9D5D2AC705F67BCEEEE9E71 /* Assets.xcassets */ = {isa = PBXFileReference; lastKnownFileType = folder.assetcatalog; path = Assets.xcassets; sourceTree = "<group>"; };
		F9D5D2BA91D2358DF8FBFDDC /* FileWriteable.swift */ = {isa = PBXFileReference; fileEncoding = 4; lastKnownFileType = sourcecode.swift; path = FileWriteable.swift; sourceTree = "<group>"; };
		F9D5D2D113B63B7F97DE586F /* Functions.swift */ = {isa = PBXFileReference; fileEncoding = 4; lastKnownFileType = sourcecode.swift; path = Functions.swift; sourceTree = "<group>"; };
		F9D5D3D26A59C0B7CE910CCF /* selfChat_569194UITests.xctest */ = {isa = PBXFileReference; explicitFileType = wrapper.cfbundle; includeInIndex = 0; path = selfChat_569194UITests.xctest; sourceTree = BUILT_PRODUCTS_DIR; };
		F9D5D3ED612F4723FC8A9EF7 /* Message.swift */ = {isa = PBXFileReference; fileEncoding = 4; lastKnownFileType = sourcecode.swift; path = Message.swift; sourceTree = "<group>"; };
		F9D5D46B6EEE4607B927ED22 /* selfChat_569194UITests.swift */ = {isa = PBXFileReference; lastKnownFileType = sourcecode.swift; path = selfChat_569194UITests.swift; sourceTree = "<group>"; };
		F9D5D4B02B51606F89A225C0 /* Chat.swift */ = {isa = PBXFileReference; fileEncoding = 4; lastKnownFileType = sourcecode.swift; path = Chat.swift; sourceTree = "<group>"; };
		F9D5D608DB439A363189CFC1 /* StartView.swift */ = {isa = PBXFileReference; fileEncoding = 4; lastKnownFileType = sourcecode.swift; path = StartView.swift; sourceTree = "<group>"; };
		F9D5D6AD33DE569866EB34A9 /* selfChat_569194Tests.swift */ = {isa = PBXFileReference; lastKnownFileType = sourcecode.swift; path = selfChat_569194Tests.swift; sourceTree = "<group>"; };
		F9D5D6D88658B6C2C4B2C5E5 /* FileDeletable.swift */ = {isa = PBXFileReference; fileEncoding = 4; lastKnownFileType = sourcecode.swift; path = FileDeletable.swift; sourceTree = "<group>"; };
		F9D5D7067BB1F4754459A199 /* ColorErrors.swift */ = {isa = PBXFileReference; fileEncoding = 4; lastKnownFileType = sourcecode.swift; path = ColorErrors.swift; sourceTree = "<group>"; };
		F9D5D93D4EC6D10E751DB042 /* Preview Assets.xcassets */ = {isa = PBXFileReference; lastKnownFileType = folder.assetcatalog; path = "Preview Assets.xcassets"; sourceTree = "<group>"; };
		F9D5DCF6D37C356D77A15C08 /* User.swift */ = {isa = PBXFileReference; fileEncoding = 4; lastKnownFileType = sourcecode.swift; path = User.swift; sourceTree = "<group>"; };
		F9D5DD25CCC1324FC22C0A37 /* AppInstance.swift */ = {isa = PBXFileReference; fileEncoding = 4; lastKnownFileType = sourcecode.swift; path = AppInstance.swift; sourceTree = "<group>"; };
		F9D5DD6674E829EAD98D87E4 /* selfChat_569194Tests.xctest */ = {isa = PBXFileReference; explicitFileType = wrapper.cfbundle; includeInIndex = 0; path = selfChat_569194Tests.xctest; sourceTree = BUILT_PRODUCTS_DIR; };
		F9D5DD94616384A7A77D4C87 /* selfChat_569194.app */ = {isa = PBXFileReference; explicitFileType = wrapper.application; includeInIndex = 0; path = selfChat_569194.app; sourceTree = BUILT_PRODUCTS_DIR; };
		F9D5DE7DD66890498405C28A /* ChatErrors.swift */ = {isa = PBXFileReference; fileEncoding = 4; lastKnownFileType = sourcecode.swift; path = ChatErrors.swift; sourceTree = "<group>"; };
		F9D5DED7470CAA979A9A3E9F /* FileError.swift */ = {isa = PBXFileReference; fileEncoding = 4; lastKnownFileType = sourcecode.swift; path = FileError.swift; sourceTree = "<group>"; };
		F9D5DFA9614C0C1B22EE806B /* selfChat_569194UITestsLaunchTests.swift */ = {isa = PBXFileReference; lastKnownFileType = sourcecode.swift; path = selfChat_569194UITestsLaunchTests.swift; sourceTree = "<group>"; };
/* End PBXFileReference section */

/* Begin PBXFrameworksBuildPhase section */
		F9D5D44AB544D91DC186CC65 /* Frameworks */ = {
			isa = PBXFrameworksBuildPhase;
			buildActionMask = 2147483647;
			files = (
			);
			runOnlyForDeploymentPostprocessing = 0;
		};
		F9D5D5F0E4C2993F8FBA20B0 /* Frameworks */ = {
			isa = PBXFrameworksBuildPhase;
			buildActionMask = 2147483647;
			files = (
			);
			runOnlyForDeploymentPostprocessing = 0;
		};
		F9D5DDB42F3D9474ADE82D21 /* Frameworks */ = {
			isa = PBXFrameworksBuildPhase;
			buildActionMask = 2147483647;
			files = (
			);
			runOnlyForDeploymentPostprocessing = 0;
		};
/* End PBXFrameworksBuildPhase section */

/* Begin PBXGroup section */
		0FFB06DD27B16E4200ECC7A9 /* Start */ = {
			isa = PBXGroup;
			children = (
				F9D5D608DB439A363189CFC1 /* StartView.swift */,
				0FFB06E327B16FD100ECC7A9 /* Conversations.swift */,
				0FFB06E527B1749300ECC7A9 /* ChatIcon.swift */,
				0FFB06E727B1934900ECC7A9 /* TitleText.swift */,
			);
			path = Start;
			sourceTree = "<group>";
		};
		0FFB06DE27B16E5400ECC7A9 /* Konversation */ = {
			isa = PBXGroup;
			children = (
				0FFB06E927B193AA00ECC7A9 /* Conversation.swift */,
				0FFB06ED27B1945300ECC7A9 /* MessageListing.swift */,
				0FFB06EF27B1946400ECC7A9 /* NewTextButton.swift */,
				0FFB06F127B199E800ECC7A9 /* MessageRepresentation.swift */,
			);
			path = Konversation;
			sourceTree = "<group>";
		};
		0FFB06DF27B16E5F00ECC7A9 /* Texteingabe */ = {
			isa = PBXGroup;
			children = (
				0F4E70C827B1EC8300AB0B2B /* TextInputView.swift */,
				0F4E70CA27B1ED6400AB0B2B /* NewMessageField.swift */,
				0F4E70CC27B1EDD200AB0B2B /* SenderSettings.swift */,
			);
			path = Texteingabe;
			sourceTree = "<group>";
		};
		0FFB06E027B16E7500ECC7A9 /* Generals */ = {
			isa = PBXGroup;
			children = (
				F9D5DD25CCC1324FC22C0A37 /* AppInstance.swift */,
				F9D5D2D113B63B7F97DE586F /* Functions.swift */,
				0FFC737B27B2C9120026E455 /* InstanceSaver.swift */,
			);
			path = Generals;
			sourceTree = "<group>";
		};
		0FFC737827B2C7770026E455 /* FileComponents */ = {
			isa = PBXGroup;
			children = (
				0FFC737A27B2C8570026E455 /* Error */,
				0FFC737927B2C8410026E455 /* Protocols */,
				0FFC737627B2C76F0026E455 /* FileURLComponents.swift */,
				0FFC737427B2C3F70026E455 /* FileUtils.swift */,
			);
			path = FileComponents;
			sourceTree = "<group>";
		};
		0FFC737927B2C8410026E455 /* Protocols */ = {
			isa = PBXGroup;
			children = (
				F9D5D2BA91D2358DF8FBFDDC /* FileWriteable.swift */,
				F9D5D158462753B02C27550B /* FileReadable.swift */,
				F9D5D6D88658B6C2C4B2C5E5 /* FileDeletable.swift */,
			);
			path = Protocols;
			sourceTree = "<group>";
		};
		0FFC737A27B2C8570026E455 /* Error */ = {
			isa = PBXGroup;
			children = (
				F9D5DED7470CAA979A9A3E9F /* FileError.swift */,
			);
			path = Error;
			sourceTree = "<group>";
		};
		F9D5D29006521C780D4C15B8 /* ChatStructs */ = {
			isa = PBXGroup;
			children = (
				0FFC737827B2C7770026E455 /* FileComponents */,
				F9D5DCF6D37C356D77A15C08 /* User.swift */,
				F9D5D4B02B51606F89A225C0 /* Chat.swift */,
				F9D5D4776EA3EEB6227AC0FB /* Errors */,
				F9D5D3ED612F4723FC8A9EF7 /* Message.swift */,
				0FFC737D27B2D3FC0026E455 /* ChatSortingAlgorithm.swift */,
			);
			path = ChatStructs;
			sourceTree = "<group>";
		};
		F9D5D4776EA3EEB6227AC0FB /* Errors */ = {
			isa = PBXGroup;
			children = (
				F9D5D7067BB1F4754459A199 /* ColorErrors.swift */,
				F9D5DE7DD66890498405C28A /* ChatErrors.swift */,
			);
			path = Errors;
			sourceTree = "<group>";
		};
		F9D5D5D4EE782297DB7DC3A9 /* selfChat_569194Tests */ = {
			isa = PBXGroup;
			children = (
				F9D5D6AD33DE569866EB34A9 /* selfChat_569194Tests.swift */,
			);
			path = selfChat_569194Tests;
			sourceTree = "<group>";
		};
		F9D5D929E1FCB911616CB5A8 /* selfChat_569194UITests */ = {
			isa = PBXGroup;
			children = (
				F9D5D46B6EEE4607B927ED22 /* selfChat_569194UITests.swift */,
				F9D5DFA9614C0C1B22EE806B /* selfChat_569194UITestsLaunchTests.swift */,
			);
			path = selfChat_569194UITests;
			sourceTree = "<group>";
		};
		F9D5D955207DBBC96DCD6A82 /* selfChat_569194 */ = {
			isa = PBXGroup;
			children = (
				0FFB06E027B16E7500ECC7A9 /* Generals */,
				0FFB06DF27B16E5F00ECC7A9 /* Texteingabe */,
				0FFB06DE27B16E5400ECC7A9 /* Konversation */,
				0FFB06DD27B16E4200ECC7A9 /* Start */,
				F9D5D2AC705F67BCEEEE9E71 /* Assets.xcassets */,
				F9D5D29006521C780D4C15B8 /* ChatStructs */,
				F9D5DABC83C0FB2481DDE864 /* Preview Content */,
				F9D5D1ABC5FBEDDF1EAC9085 /* selfChat_569194App.swift */,
				0FAC2E0E27A9914700367AA0 /* ContentView.swift */,
			);
			path = selfChat_569194;
			sourceTree = "<group>";
		};
		F9D5DABC83C0FB2481DDE864 /* Preview Content */ = {
			isa = PBXGroup;
			children = (
				F9D5D93D4EC6D10E751DB042 /* Preview Assets.xcassets */,
			);
			path = "Preview Content";
			sourceTree = "<group>";
		};
		F9D5DC8BFBB7C5C60107FE9F /* Products */ = {
			isa = PBXGroup;
			children = (
				F9D5DD94616384A7A77D4C87 /* selfChat_569194.app */,
				F9D5DD6674E829EAD98D87E4 /* selfChat_569194Tests.xctest */,
				F9D5D3D26A59C0B7CE910CCF /* selfChat_569194UITests.xctest */,
			);
			name = Products;
			sourceTree = "<group>";
		};
		F9D5DD505CD3E4F5EBF1A373 = {
			isa = PBXGroup;
			children = (
				F9D5DC8BFBB7C5C60107FE9F /* Products */,
				F9D5D955207DBBC96DCD6A82 /* selfChat_569194 */,
				F9D5D5D4EE782297DB7DC3A9 /* selfChat_569194Tests */,
				F9D5D929E1FCB911616CB5A8 /* selfChat_569194UITests */,
			);
			sourceTree = "<group>";
		};
/* End PBXGroup section */

/* Begin PBXNativeTarget section */
		F9D5DAFCC2DC980C85E1C510 /* selfChat_569194Tests */ = {
			isa = PBXNativeTarget;
			buildConfigurationList = F9D5D8BF3E99C7488FFBCB6F /* Build configuration list for PBXNativeTarget "selfChat_569194Tests" */;
			buildPhases = (
				F9D5D0A8CF464A469F08CF1F /* Sources */,
				F9D5D44AB544D91DC186CC65 /* Frameworks */,
				F9D5DA6228813848016F96A1 /* Resources */,
			);
			buildRules = (
			);
			dependencies = (
				F9D5DC0F5367DFF10300DC78 /* PBXTargetDependency */,
			);
			name = selfChat_569194Tests;
			productName = selfChat_569194Tests;
			productReference = F9D5DD6674E829EAD98D87E4 /* selfChat_569194Tests.xctest */;
			productType = "com.apple.product-type.bundle.unit-test";
		};
		F9D5DC1D34E46AB6989966AA /* selfChat_569194 */ = {
			isa = PBXNativeTarget;
			buildConfigurationList = F9D5D70B2CC162DD8E804F77 /* Build configuration list for PBXNativeTarget "selfChat_569194" */;
			buildPhases = (
				F9D5D9FE5E8492A2B150BD84 /* Sources */,
				F9D5DDB42F3D9474ADE82D21 /* Frameworks */,
				F9D5D08FF6B9366D3F221C1A /* Resources */,
			);
			buildRules = (
			);
			dependencies = (
			);
			name = selfChat_569194;
			productName = selfChat_569194;
			productReference = F9D5DD94616384A7A77D4C87 /* selfChat_569194.app */;
			productType = "com.apple.product-type.application";
		};
		F9D5DF8C0ED29089D4EC7724 /* selfChat_569194UITests */ = {
			isa = PBXNativeTarget;
			buildConfigurationList = F9D5DFCB2519B702298013AE /* Build configuration list for PBXNativeTarget "selfChat_569194UITests" */;
			buildPhases = (
				F9D5DC13F70A428CD9041883 /* Sources */,
				F9D5D5F0E4C2993F8FBA20B0 /* Frameworks */,
				F9D5D1B7FD5069A5026C1213 /* Resources */,
			);
			buildRules = (
			);
			dependencies = (
				F9D5D0EE6AA2E395EF32F18A /* PBXTargetDependency */,
			);
			name = selfChat_569194UITests;
			productName = selfChat_569194UITests;
			productReference = F9D5D3D26A59C0B7CE910CCF /* selfChat_569194UITests.xctest */;
			productType = "com.apple.product-type.bundle.ui-testing";
		};
/* End PBXNativeTarget section */

/* Begin PBXProject section */
		F9D5D484AA41D07CF6EF3E03 /* Project object */ = {
			isa = PBXProject;
			attributes = {
				LastUpgradeCheck = 1320;
			};
			buildConfigurationList = F9D5D04D7507D8171E207DE9 /* Build configuration list for PBXProject "selfChat_569194" */;
			compatibilityVersion = "Xcode 3.2";
			developmentRegion = English;
			hasScannedForEncodings = 0;
			knownRegions = (
				English,
				en,
			);
			mainGroup = F9D5DD505CD3E4F5EBF1A373;
			productRefGroup = F9D5DC8BFBB7C5C60107FE9F /* Products */;
			projectDirPath = "";
			projectRoot = "";
			targets = (
				F9D5DC1D34E46AB6989966AA /* selfChat_569194 */,
				F9D5DAFCC2DC980C85E1C510 /* selfChat_569194Tests */,
				F9D5DF8C0ED29089D4EC7724 /* selfChat_569194UITests */,
			);
		};
/* End PBXProject section */

/* Begin PBXResourcesBuildPhase section */
		F9D5D08FF6B9366D3F221C1A /* Resources */ = {
			isa = PBXResourcesBuildPhase;
			buildActionMask = 2147483647;
			files = (
				F9D5D42CECD60D475269D6AB /* Assets.xcassets in Resources */,
				F9D5DF99FFDC33EE97ABD882 /* Preview Assets.xcassets in Resources */,
			);
			runOnlyForDeploymentPostprocessing = 0;
		};
		F9D5D1B7FD5069A5026C1213 /* Resources */ = {
			isa = PBXResourcesBuildPhase;
			buildActionMask = 2147483647;
			files = (
			);
			runOnlyForDeploymentPostprocessing = 0;
		};
		F9D5DA6228813848016F96A1 /* Resources */ = {
			isa = PBXResourcesBuildPhase;
			buildActionMask = 2147483647;
			files = (
			);
			runOnlyForDeploymentPostprocessing = 0;
		};
/* End PBXResourcesBuildPhase section */

/* Begin PBXSourcesBuildPhase section */
		F9D5D0A8CF464A469F08CF1F /* Sources */ = {
			isa = PBXSourcesBuildPhase;
			buildActionMask = 2147483647;
			files = (
				F9D5DA9416DB6A49F6D91668 /* selfChat_569194Tests.swift in Sources */,
			);
			runOnlyForDeploymentPostprocessing = 0;
		};
		F9D5D9FE5E8492A2B150BD84 /* Sources */ = {
			isa = PBXSourcesBuildPhase;
			buildActionMask = 2147483647;
			files = (
				F9D5DAF6A9D4B29E83AE3F49 /* selfChat_569194App.swift in Sources */,
				0F4E70CD27B1EDD200AB0B2B /* SenderSettings.swift in Sources */,
				F9D5DEE867505EE3C0552FE7 /* User.swift in Sources */,
				0FFB06F027B1946400ECC7A9 /* NewTextButton.swift in Sources */,
				0FFC737C27B2C9120026E455 /* InstanceSaver.swift in Sources */,
				0FAC2E0F27A9914700367AA0 /* ContentView.swift in Sources */,
				0FFC737727B2C76F0026E455 /* FileURLComponents.swift in Sources */,
				F9D5D370BB13C0C1853AE3B5 /* Chat.swift in Sources */,
				F9D5DA4FCE72CB782C113D89 /* Functions.swift in Sources */,
				F9D5D559DFFE305C36892EEF /* ColorErrors.swift in Sources */,
				0FFC737E27B2D3FC0026E455 /* ChatSortingAlgorithm.swift in Sources */,
				F9D5DC2439AA64E462D8E420 /* StartView.swift in Sources */,
				0F4E70C927B1EC8300AB0B2B /* TextInputView.swift in Sources */,
				F9D5DD1A170019268D44F51B /* Message.swift in Sources */,
				0F4E70CB27B1ED6400AB0B2B /* NewMessageField.swift in Sources */,
				0FFB06E427B16FD100ECC7A9 /* Conversations.swift in Sources */,
				F9D5D0B8953FB83EA87FFEF3 /* AppInstance.swift in Sources */,
				0FFB06E627B1749300ECC7A9 /* ChatIcon.swift in Sources */,
				0FFB06EA27B193AA00ECC7A9 /* Conversation.swift in Sources */,
				0FFC737527B2C3F70026E455 /* FileUtils.swift in Sources */,
				F9D5D224AEE8952C2806A7E5 /* ChatErrors.swift in Sources */,
				0FFB06F227B199E800ECC7A9 /* MessageRepresentation.swift in Sources */,
				0FFB06EE27B1945300ECC7A9 /* MessageListing.swift in Sources */,
				0FFB06E827B1934900ECC7A9 /* TitleText.swift in Sources */,
				F9D5D55CB5795A01D8D6AC70 /* FileWriteable.swift in Sources */,
				F9D5DBAB5C227F349AB1F49C /* FileReadable.swift in Sources */,
				F9D5D376177A9713FAF69C86 /* FileDeletable.swift in Sources */,
				F9D5D88A91C40B89151076A5 /* FileError.swift in Sources */,
			);
			runOnlyForDeploymentPostprocessing = 0;
		};
		F9D5DC13F70A428CD9041883 /* Sources */ = {
			isa = PBXSourcesBuildPhase;
			buildActionMask = 2147483647;
			files = (
				F9D5D430CBEEACA48587BBD9 /* selfChat_569194UITests.swift in Sources */,
				F9D5D6C0A39EA547632E382B /* selfChat_569194UITestsLaunchTests.swift in Sources */,
			);
			runOnlyForDeploymentPostprocessing = 0;
		};
/* End PBXSourcesBuildPhase section */

/* Begin PBXTargetDependency section */
		F9D5D0EE6AA2E395EF32F18A /* PBXTargetDependency */ = {
			isa = PBXTargetDependency;
			target = F9D5DC1D34E46AB6989966AA /* selfChat_569194 */;
			targetProxy = F9D5DB2A18FDFA827892267D /* PBXContainerItemProxy */;
		};
		F9D5DC0F5367DFF10300DC78 /* PBXTargetDependency */ = {
			isa = PBXTargetDependency;
			target = F9D5DC1D34E46AB6989966AA /* selfChat_569194 */;
			targetProxy = F9D5D1EE1BABBC0088C9B6A9 /* PBXContainerItemProxy */;
		};
/* End PBXTargetDependency section */

/* Begin XCBuildConfiguration section */
		F9D5D10DCC7E4A2A28103845 /* Release */ = {
			isa = XCBuildConfiguration;
			buildSettings = {
				CURRENT_PROJECT_VERSION = 1;
				GENERATE_INFOPLIST_FILE = YES;
				MARKETING_VERSION = 1.0;
				PRODUCT_BUNDLE_IDENTIFIER = "note.selfChat-569194UITests";
				PRODUCT_NAME = "$(TARGET_NAME)";
				PROVISIONING_PROFILE = "";
				SWIFT_EMIT_LOC_STRINGS = NO;
				SWIFT_VERSION = 5.0;
				TARGETED_DEVICE_FAMILY = "1,2";
			};
			name = Release;
		};
		F9D5D172F5A13F5A7B2ACC9D /* Debug */ = {
			isa = XCBuildConfiguration;
			buildSettings = {
				ALWAYS_SEARCH_USER_PATHS = NO;
				CLANG_ANALYZER_LOCALIZABILITY_NONLOCALIZED = YES;
				CLANG_ANALYZER_NONNULL = YES;
				CLANG_ANALYZER_NUMBER_OBJECT_CONVERSION = YES_AGGRESSIVE;
				CLANG_CXX_LANGUAGE_STANDARD = "gnu++17";
				CLANG_CXX_LIBRARY = "libc++";
				CLANG_ENABLE_MODULES = YES;
				CLANG_ENABLE_OBJC_ARC = YES;
				CLANG_ENABLE_OBJC_WEAK = YES;
				CLANG_WARN_BLOCK_CAPTURE_AUTORELEASING = YES;
				CLANG_WARN_BOOL_CONVERSION = YES;
				CLANG_WARN_COMMA = YES;
				CLANG_WARN_CONSTANT_CONVERSION = YES;
				CLANG_WARN_DEPRECATED_OBJC_IMPLEMENTATIONS = YES;
				CLANG_WARN_DIRECT_OBJC_ISA_USAGE = YES_ERROR;
				CLANG_WARN_DOCUMENTATION_COMMENTS = YES;
				CLANG_WARN_EMPTY_BODY = YES;
				CLANG_WARN_ENUM_CONVERSION = YES;
				CLANG_WARN_INFINITE_RECURSION = YES;
				CLANG_WARN_INT_CONVERSION = YES;
				CLANG_WARN_NON_LITERAL_NULL_CONVERSION = YES;
				CLANG_WARN_OBJC_IMPLICIT_RETAIN_SELF = YES;
				CLANG_WARN_OBJC_LITERAL_CONVERSION = YES;
				CLANG_WARN_OBJC_ROOT_CLASS = YES_ERROR;
				CLANG_WARN_QUOTED_INCLUDE_IN_FRAMEWORK_HEADER = YES;
				CLANG_WARN_RANGE_LOOP_ANALYSIS = YES;
				CLANG_WARN_STRICT_PROTOTYPES = YES;
				CLANG_WARN_SUSPICIOUS_MOVE = YES;
				CLANG_WARN_UNGUARDED_AVAILABILITY = YES_AGGRESSIVE;
				CLANG_WARN_UNREACHABLE_CODE = YES;
				CLANG_WARN__DUPLICATE_METHOD_MATCH = YES;
				COPY_PHASE_STRIP = NO;
				DEBUG_INFORMATION_FORMAT = dwarf;
				ENABLE_STRICT_OBJC_MSGSEND = YES;
				ENABLE_TESTABILITY = YES;
				GCC_C_LANGUAGE_STANDARD = gnu11;
				GCC_DYNAMIC_NO_PIC = NO;
				GCC_NO_COMMON_BLOCKS = YES;
				GCC_OPTIMIZATION_LEVEL = 0;
				GCC_PREPROCESSOR_DEFINITIONS = (
					"DEBUG=1",
					"$(inherited)",
				);
				GCC_WARN_64_TO_32_BIT_CONVERSION = YES;
				GCC_WARN_ABOUT_RETURN_TYPE = YES_ERROR;
				GCC_WARN_UNDECLARED_SELECTOR = YES;
				GCC_WARN_UNINITIALIZED_AUTOS = YES_AGGRESSIVE;
				GCC_WARN_UNUSED_FUNCTION = YES;
				GCC_WARN_UNUSED_VARIABLE = YES;
				IPHONEOS_DEPLOYMENT_TARGET = 14.0;
				MTL_ENABLE_DEBUG_INFO = INCLUDE_SOURCE;
				MTL_FAST_MATH = YES;
				ONLY_ACTIVE_ARCH = YES;
				SDKROOT = iphoneos;
				SWIFT_ACTIVE_COMPILATION_CONDITIONS = DEBUG;
				SWIFT_OPTIMIZATION_LEVEL = "-Onone";
			};
			name = Debug;
		};
		F9D5D2C9F420BD88C01F8432 /* Release */ = {
			isa = XCBuildConfiguration;
			buildSettings = {
				BUNDLE_LOADER = "$(BUILT_PRODUCTS_DIR)/selfChat_569194.app/selfChat_569194";
				CURRENT_PROJECT_VERSION = 1;
				GENERATE_INFOPLIST_FILE = YES;
				MARKETING_VERSION = 1.0;
				PRODUCT_BUNDLE_IDENTIFIER = "note.selfChat-569194Tests";
				PRODUCT_NAME = "$(TARGET_NAME)";
				SWIFT_EMIT_LOC_STRINGS = NO;
				SWIFT_VERSION = 5.0;
				TARGETED_DEVICE_FAMILY = "1,2";
				TEST_HOST = "$(BUNDLE_LOADER)";
			};
			name = Release;
		};
		F9D5D5DFDB20802A38E7E0F3 /* Debug */ = {
			isa = XCBuildConfiguration;
			buildSettings = {
				CURRENT_PROJECT_VERSION = 1;
				GENERATE_INFOPLIST_FILE = YES;
				MARKETING_VERSION = 1.0;
				PRODUCT_BUNDLE_IDENTIFIER = "note.selfChat-569194UITests";
				PRODUCT_NAME = "$(TARGET_NAME)";
				PROVISIONING_PROFILE = "";
				SWIFT_EMIT_LOC_STRINGS = NO;
				SWIFT_VERSION = 5.0;
				TARGETED_DEVICE_FAMILY = "1,2";
			};
			name = Debug;
		};
		F9D5D7253BE695152B97BAE8 /* Release */ = {
			isa = XCBuildConfiguration;
			buildSettings = {
				ALWAYS_SEARCH_USER_PATHS = NO;
				CLANG_ANALYZER_LOCALIZABILITY_NONLOCALIZED = YES;
				CLANG_ANALYZER_NONNULL = YES;
				CLANG_ANALYZER_NUMBER_OBJECT_CONVERSION = YES_AGGRESSIVE;
				CLANG_CXX_LANGUAGE_STANDARD = "gnu++17";
				CLANG_CXX_LIBRARY = "libc++";
				CLANG_ENABLE_MODULES = YES;
				CLANG_ENABLE_OBJC_ARC = YES;
				CLANG_ENABLE_OBJC_WEAK = YES;
				CLANG_WARN_BLOCK_CAPTURE_AUTORELEASING = YES;
				CLANG_WARN_BOOL_CONVERSION = YES;
				CLANG_WARN_COMMA = YES;
				CLANG_WARN_CONSTANT_CONVERSION = YES;
				CLANG_WARN_DEPRECATED_OBJC_IMPLEMENTATIONS = YES;
				CLANG_WARN_DIRECT_OBJC_ISA_USAGE = YES_ERROR;
				CLANG_WARN_DOCUMENTATION_COMMENTS = YES;
				CLANG_WARN_EMPTY_BODY = YES;
				CLANG_WARN_ENUM_CONVERSION = YES;
				CLANG_WARN_INFINITE_RECURSION = YES;
				CLANG_WARN_INT_CONVERSION = YES;
				CLANG_WARN_NON_LITERAL_NULL_CONVERSION = YES;
				CLANG_WARN_OBJC_IMPLICIT_RETAIN_SELF = YES;
				CLANG_WARN_OBJC_LITERAL_CONVERSION = YES;
				CLANG_WARN_OBJC_ROOT_CLASS = YES_ERROR;
				CLANG_WARN_QUOTED_INCLUDE_IN_FRAMEWORK_HEADER = YES;
				CLANG_WARN_RANGE_LOOP_ANALYSIS = YES;
				CLANG_WARN_STRICT_PROTOTYPES = YES;
				CLANG_WARN_SUSPICIOUS_MOVE = YES;
				CLANG_WARN_UNGUARDED_AVAILABILITY = YES_AGGRESSIVE;
				CLANG_WARN_UNREACHABLE_CODE = YES;
				CLANG_WARN__DUPLICATE_METHOD_MATCH = YES;
				COPY_PHASE_STRIP = NO;
				DEBUG_INFORMATION_FORMAT = "dwarf-with-dsym";
				ENABLE_NS_ASSERTIONS = NO;
				ENABLE_STRICT_OBJC_MSGSEND = YES;
				GCC_C_LANGUAGE_STANDARD = gnu11;
				GCC_NO_COMMON_BLOCKS = YES;
				GCC_WARN_64_TO_32_BIT_CONVERSION = YES;
				GCC_WARN_ABOUT_RETURN_TYPE = YES_ERROR;
				GCC_WARN_UNDECLARED_SELECTOR = YES;
				GCC_WARN_UNINITIALIZED_AUTOS = YES_AGGRESSIVE;
				GCC_WARN_UNUSED_FUNCTION = YES;
				GCC_WARN_UNUSED_VARIABLE = YES;
				IPHONEOS_DEPLOYMENT_TARGET = 14.0;
				MTL_ENABLE_DEBUG_INFO = NO;
				MTL_FAST_MATH = YES;
				SDKROOT = iphoneos;
				SWIFT_OPTIMIZATION_LEVEL = "-Owholemodule";
				VALIDATE_PRODUCT = YES;
			};
			name = Release;
		};
		F9D5DD89EF84A293F4CFC815 /* Release */ = {
			isa = XCBuildConfiguration;
			buildSettings = {
				ASSETCATALOG_COMPILER_APPICON_NAME = AppIcon;
				ASSETCATALOG_COMPILER_GLOBAL_ACCENT_COLOR_NAME = AccentColor;
				CURRENT_PROJECT_VERSION = 1;
				DEVELOPMENT_ASSET_PATHS = "\"selfChat_569194/Preview Content\"";
				ENABLE_PREVIEWS = YES;
				GENERATE_INFOPLIST_FILE = YES;
				INFOPLIST_KEY_UIApplicationSceneManifest_Generation = YES;
				INFOPLIST_KEY_UIApplicationSupportsIndirectInputEvents = YES;
				INFOPLIST_KEY_UILaunchScreen_Generation = YES;
				INFOPLIST_KEY_UISupportedInterfaceOrientations_iPad = "UIInterfaceOrientationPortrait UIInterfaceOrientationPortraitUpsideDown UIInterfaceOrientationLandscapeLeft UIInterfaceOrientationLandscapeRight";
				INFOPLIST_KEY_UISupportedInterfaceOrientations_iPhone = "UIInterfaceOrientationPortrait UIInterfaceOrientationLandscapeLeft UIInterfaceOrientationLandscapeRight";
				LD_RUNPATH_SEARCH_PATHS = "$(inherited) @executable_path/Frameworks";
				MARKETING_VERSION = 1.0;
				PRODUCT_BUNDLE_IDENTIFIER = "note.selfChat-569194";
				PRODUCT_NAME = "$(TARGET_NAME)";
				SWIFT_EMIT_LOC_STRINGS = YES;
				SWIFT_VERSION = 5.0;
				TARGETED_DEVICE_FAMILY = "1,2";
			};
			name = Release;
		};
		F9D5DE1AA98C0C062FB2F7DD /* Debug */ = {
			isa = XCBuildConfiguration;
			buildSettings = {
				BUNDLE_LOADER = "$(BUILT_PRODUCTS_DIR)/selfChat_569194.app/selfChat_569194";
				CURRENT_PROJECT_VERSION = 1;
				GENERATE_INFOPLIST_FILE = YES;
				MARKETING_VERSION = 1.0;
				PRODUCT_BUNDLE_IDENTIFIER = "note.selfChat-569194Tests";
				PRODUCT_NAME = "$(TARGET_NAME)";
				SWIFT_EMIT_LOC_STRINGS = NO;
				SWIFT_VERSION = 5.0;
				TARGETED_DEVICE_FAMILY = "1,2";
				TEST_HOST = "$(BUNDLE_LOADER)";
			};
			name = Debug;
		};
		F9D5DED246836BE5426EA5B1 /* Debug */ = {
			isa = XCBuildConfiguration;
			buildSettings = {
				ASSETCATALOG_COMPILER_APPICON_NAME = AppIcon;
				ASSETCATALOG_COMPILER_GLOBAL_ACCENT_COLOR_NAME = AccentColor;
				CURRENT_PROJECT_VERSION = 1;
				DEVELOPMENT_ASSET_PATHS = "\"selfChat_569194/Preview Content\"";
				ENABLE_PREVIEWS = YES;
				GENERATE_INFOPLIST_FILE = YES;
				INFOPLIST_KEY_UIApplicationSceneManifest_Generation = YES;
				INFOPLIST_KEY_UIApplicationSupportsIndirectInputEvents = YES;
				INFOPLIST_KEY_UILaunchScreen_Generation = YES;
				INFOPLIST_KEY_UISupportedInterfaceOrientations_iPad = "UIInterfaceOrientationPortrait UIInterfaceOrientationPortraitUpsideDown UIInterfaceOrientationLandscapeLeft UIInterfaceOrientationLandscapeRight";
				INFOPLIST_KEY_UISupportedInterfaceOrientations_iPhone = "UIInterfaceOrientationPortrait UIInterfaceOrientationLandscapeLeft UIInterfaceOrientationLandscapeRight";
				LD_RUNPATH_SEARCH_PATHS = "$(inherited) @executable_path/Frameworks";
				MARKETING_VERSION = 1.0;
				PRODUCT_BUNDLE_IDENTIFIER = "note.selfChat-569194";
				PRODUCT_NAME = "$(TARGET_NAME)";
				SWIFT_EMIT_LOC_STRINGS = YES;
				SWIFT_VERSION = 5.0;
				TARGETED_DEVICE_FAMILY = "1,2";
			};
			name = Debug;
		};
/* End XCBuildConfiguration section */

/* Begin XCConfigurationList section */
		F9D5D04D7507D8171E207DE9 /* Build configuration list for PBXProject "selfChat_569194" */ = {
			isa = XCConfigurationList;
			buildConfigurations = (
				F9D5D172F5A13F5A7B2ACC9D /* Debug */,
				F9D5D7253BE695152B97BAE8 /* Release */,
			);
			defaultConfigurationIsVisible = 0;
			defaultConfigurationName = Release;
		};
		F9D5D70B2CC162DD8E804F77 /* Build configuration list for PBXNativeTarget "selfChat_569194" */ = {
			isa = XCConfigurationList;
			buildConfigurations = (
				F9D5DED246836BE5426EA5B1 /* Debug */,
				F9D5DD89EF84A293F4CFC815 /* Release */,
			);
			defaultConfigurationIsVisible = 0;
			defaultConfigurationName = Release;
		};
		F9D5D8BF3E99C7488FFBCB6F /* Build configuration list for PBXNativeTarget "selfChat_569194Tests" */ = {
			isa = XCConfigurationList;
			buildConfigurations = (
				F9D5DE1AA98C0C062FB2F7DD /* Debug */,
				F9D5D2C9F420BD88C01F8432 /* Release */,
			);
			defaultConfigurationIsVisible = 0;
			defaultConfigurationName = Release;
		};
		F9D5DFCB2519B702298013AE /* Build configuration list for PBXNativeTarget "selfChat_569194UITests" */ = {
			isa = XCConfigurationList;
			buildConfigurations = (
				F9D5D5DFDB20802A38E7E0F3 /* Debug */,
				F9D5D10DCC7E4A2A28103845 /* Release */,
			);
			defaultConfigurationIsVisible = 0;
			defaultConfigurationName = Release;
		};
/* End XCConfigurationList section */
	};
	rootObject = F9D5D484AA41D07CF6EF3E03 /* Project object */;
}
